
Microsoft Visual Studio Solution File, Format Version 12.00
# Visual Studio 15
VisualStudioVersion = 15.0.28307.705
MinimumVisualStudioVersion = 10.0.40219.1
Project("{FAE04EC0-301F-11D3-BF4B-00C04F79EFBC}") = "Backend", "Backend\Backend.csproj", "{B75EF84B-D764-4770-A04C-A92131DEC523}"
EndProject
Project("{FAE04EC0-301F-11D3-BF4B-00C04F79EFBC}") = "Backend.Tests", "Backend.Tests\Backend.Tests.csproj", "{101C8E23-3763-4B6E-908E-610166392B32}"
EndProject
Global
	GlobalSection(SolutionConfigurationPlatforms) = preSolution
		Debug|Any CPU = Debug|Any CPU
		Release|Any CPU = Release|Any CPU
	EndGlobalSection
	GlobalSection(ProjectConfigurationPlatforms) = postSolution
		{B75EF84B-D764-4770-A04C-A92131DEC523}.Debug|Any CPU.ActiveCfg = Debug|Any CPU
		{B75EF84B-D764-4770-A04C-A92131DEC523}.Debug|Any CPU.Build.0 = Debug|Any CPU
		{B75EF84B-D764-4770-A04C-A92131DEC523}.Release|Any CPU.ActiveCfg = Release|Any CPU
		{B75EF84B-D764-4770-A04C-A92131DEC523}.Release|Any CPU.Build.0 = Release|Any CPU
		{101C8E23-3763-4B6E-908E-610166392B32}.Debug|Any CPU.ActiveCfg = Debug|Any CPU
		{101C8E23-3763-4B6E-908E-610166392B32}.Debug|Any CPU.Build.0 = Debug|Any CPU
		{101C8E23-3763-4B6E-908E-610166392B32}.Release|Any CPU.ActiveCfg = Release|Any CPU
		{101C8E23-3763-4B6E-908E-610166392B32}.Release|Any CPU.Build.0 = Release|Any CPU
	EndGlobalSection
	GlobalSection(SolutionProperties) = preSolution
		HideSolutionNode = FALSE
	EndGlobalSection
	GlobalSection(ExtensibilityGlobals) = postSolution
		SolutionGuid = {7D45BA34-6DB5-4306-9C28-D6FCE6EB0174}
	EndGlobalSection
EndGlobal
